
Microsoft Visual Studio Solution File, Format Version 12.00
# Visual Studio Version 17
VisualStudioVersion = 17.14.36221.1
MinimumVisualStudioVersion = 10.0.40219.1
Project("{FAE04EC0-301F-11D3-BF4B-00C04F79EFBC}") = "GymSystem", "GymSystem\GymSystem.csproj", "{DE63FF2C-94EB-4215-9369-D4EE3800D103}"
EndProject
Project("{FAE04EC0-301F-11D3-BF4B-00C04F79EFBC}") = "DataModel", "DataModel\DataModel.csproj", "{3DBF05B3-32C0-48D5-8B35-32215FE26E76}"
EndProject
Global
	GlobalSection(SolutionConfigurationPlatforms) = preSolution
		Debug|Any CPU = Debug|Any CPU
		Release|Any CPU = Release|Any CPU
	EndGlobalSection
	GlobalSection(ProjectConfigurationPlatforms) = postSolution
		{DE63FF2C-94EB-4215-9369-D4EE3800D103}.Debug|Any CPU.ActiveCfg = Debug|Any CPU
		{DE63FF2C-94EB-4215-9369-D4EE3800D103}.Debug|Any CPU.Build.0 = Debug|Any CPU
		{DE63FF2C-94EB-4215-9369-D4EE3800D103}.Release|Any CPU.ActiveCfg = Release|Any CPU
		{DE63FF2C-94EB-4215-9369-D4EE3800D103}.Release|Any CPU.Build.0 = Release|Any CPU
		{3DBF05B3-32C0-48D5-8B35-32215FE26E76}.Debug|Any CPU.ActiveCfg = Debug|Any CPU
		{3DBF05B3-32C0-48D5-8B35-32215FE26E76}.Debug|Any CPU.Build.0 = Debug|Any CPU
		{3DBF05B3-32C0-48D5-8B35-32215FE26E76}.Release|Any CPU.ActiveCfg = Release|Any CPU
		{3DBF05B3-32C0-48D5-8B35-32215FE26E76}.Release|Any CPU.Build.0 = Release|Any CPU
	EndGlobalSection
	GlobalSection(SolutionProperties) = preSolution
		HideSolutionNode = FALSE
	EndGlobalSection
	GlobalSection(ExtensibilityGlobals) = postSolution
		SolutionGuid = {5BC68E90-9B6D-4406-B9C2-1EE8EC06759D}
	EndGlobalSection
EndGlobal
